{
  "pins" : [
    {
      "identity" : "bdk-swift",
      "kind" : "remoteSourceControl",
      "location" : "https://github.com/bitcoindevkit/bdk-swift",
      "state" : {
        "revision" : "d7c151a7aef3741599fb3e50a873e63a4a0fda69",
        "version" : "0.6.0"
      }
    },
    {
      "identity" : "ldk-swift",
      "kind" : "remoteSourceControl",
      "location" : "https://github.com/lightningdevkit/ldk-swift",
      "state" : {
        "revision" : "496b0fba4ff7a22e090613fdc43b0999a2336d04",
        "version" : "0.0.115"
      }
    }
  ],
  "version" : 2
}
