{
  "pins" : [
    {
      "identity" : "bdk-swift",
      "kind" : "remoteSourceControl",
      "location" : "https://github.com/bitcoindevkit/bdk-swift",
      "state" : {
        "revision" : "d7c151a7aef3741599fb3e50a873e63a4a0fda69",
        "version" : "0.6.0"
      }
    },
    {
      "identity" : "ldk-swift",
      "kind" : "remoteSourceControl",
      "location" : "https://github.com/lightningdevkit/ldk-swift/",
      "state" : {
        "revision" : "e9773bcd36ec4c752288f805e042cdc3772beb51",
        "version" : "0.0.112"
      }
    }
  ],
  "version" : 2
}
