{
  "pins" : [
    {
      "identity" : "bdk-swift",
      "kind" : "remoteSourceControl",
      "location" : "https://github.com/bitcoindevkit/bdk-swift",
      "state" : {
        "revision" : "d7c151a7aef3741599fb3e50a873e63a4a0fda69",
        "version" : "0.6.0"
      }
    }
  ],
  "version" : 2
}
