{
    "_meta": {
        "hash": {
            "sha256": "1daf71f4dcc8a30c5a4f3aaba74eaad01433a8f6a9e908f0fb5e57da0da0612b"
        },
        "pipfile-spec": 6,
        "requires": {
            "python_version": "3.8"
        },
        "sources": [
            {
                "name": "pypi",
                "url": "https://pypi.org/simple",
                "verify_ssl": true
            }
        ]
    },
    "default": {
        "attrs": {
            "hashes": [
                "sha256:29adc2665447e5191d0e7c568fde78b21f9672d344281d0c6e1ab085429b22b6",
                "sha256:86efa402f67bf2df34f51a335487cf46b1ec130d02b8d39fd248abfd30da551c"
            ],
            "index": "pypi",
            "markers": "python_version >= '3.5'",
            "version": "==22.1.0"
        },
        "certifi": {
            "hashes": [
                "sha256:35824b4c3a97115964b408844d64aa14db1cc518f6562e8d7261699d1350a9e3",
                "sha256:4ad3232f5e926d6718ec31cfc1fcadfde020920e278684144551c91769c7bc18"
            ],
            "index": "pypi",
            "markers": "python_version >= '3.6'",
            "version": "==2022.12.7"
        },
        "cffi": {
            "hashes": [
                "sha256:00a9ed42e88df81ffae7a8ab6d9356b371399b91dbdf0c3cb1e84c03a13aceb5",
                "sha256:03425bdae262c76aad70202debd780501fabeaca237cdfddc008987c0e0f59ef",
                "sha256:04ed324bda3cda42b9b695d51bb7d54b680b9719cfab04227cdd1e04e5de3104",
                "sha256:0e2642fe3142e4cc4af0799748233ad6da94c62a8bec3a6648bf8ee68b1c7426",
                "sha256:173379135477dc8cac4bc58f45db08ab45d228b3363adb7af79436135d028405",
                "sha256:198caafb44239b60e252492445da556afafc7d1e3ab7a1fb3f0584ef6d742375",
                "sha256:1e74c6b51a9ed6589199c787bf5f9875612ca4a8a0785fb2d4a84429badaf22a",
                "sha256:2012c72d854c2d03e45d06ae57f40d78e5770d252f195b93f581acf3ba44496e",
                "sha256:21157295583fe8943475029ed5abdcf71eb3911894724e360acff1d61c1d54bc",
                "sha256:2470043b93ff09bf8fb1d46d1cb756ce6132c54826661a32d4e4d132e1977adf",
                "sha256:285d29981935eb726a4399badae8f0ffdff4f5050eaa6d0cfc3f64b857b77185",
                "sha256:30d78fbc8ebf9c92c9b7823ee18eb92f2e6ef79b45ac84db507f52fbe3ec4497",
                "sha256:320dab6e7cb2eacdf0e658569d2575c4dad258c0fcc794f46215e1e39f90f2c3",
                "sha256:33ab79603146aace82c2427da5ca6e58f2b3f2fb5da893ceac0c42218a40be35",
                "sha256:3548db281cd7d2561c9ad9984681c95f7b0e38881201e157833a2342c30d5e8c",
                "sha256:3799aecf2e17cf585d977b780ce79ff0dc9b78d799fc694221ce814c2c19db83",
                "sha256:39d39875251ca8f612b6f33e6b1195af86d1b3e60086068be9cc053aa4376e21",
                "sha256:3b926aa83d1edb5aa5b427b4053dc420ec295a08e40911296b9eb1b6170f6cca",
                "sha256:3bcde07039e586f91b45c88f8583ea7cf7a0770df3a1649627bf598332cb6984",
                "sha256:3d08afd128ddaa624a48cf2b859afef385b720bb4b43df214f85616922e6a5ac",
                "sha256:3eb6971dcff08619f8d91607cfc726518b6fa2a9eba42856be181c6d0d9515fd",
                "sha256:40f4774f5a9d4f5e344f31a32b5096977b5d48560c5592e2f3d2c4374bd543ee",
                "sha256:4289fc34b2f5316fbb762d75362931e351941fa95fa18789191b33fc4cf9504a",
                "sha256:470c103ae716238bbe698d67ad020e1db9d9dba34fa5a899b5e21577e6d52ed2",
                "sha256:4f2c9f67e9821cad2e5f480bc8d83b8742896f1242dba247911072d4fa94c192",
                "sha256:50a74364d85fd319352182ef59c5c790484a336f6db772c1a9231f1c3ed0cbd7",
                "sha256:54a2db7b78338edd780e7ef7f9f6c442500fb0d41a5a4ea24fff1c929d5af585",
                "sha256:5635bd9cb9731e6d4a1132a498dd34f764034a8ce60cef4f5319c0541159392f",
                "sha256:59c0b02d0a6c384d453fece7566d1c7e6b7bae4fc5874ef2ef46d56776d61c9e",
                "sha256:5d598b938678ebf3c67377cdd45e09d431369c3b1a5b331058c338e201f12b27",
                "sha256:5df2768244d19ab7f60546d0c7c63ce1581f7af8b5de3eb3004b9b6fc8a9f84b",
                "sha256:5ef34d190326c3b1f822a5b7a45f6c4535e2f47ed06fec77d3d799c450b2651e",
                "sha256:6975a3fac6bc83c4a65c9f9fcab9e47019a11d3d2cf7f3c0d03431bf145a941e",
                "sha256:6c9a799e985904922a4d207a94eae35c78ebae90e128f0c4e521ce339396be9d",
                "sha256:70df4e3b545a17496c9b3f41f5115e69a4f2e77e94e1d2a8e1070bc0c38c8a3c",
                "sha256:7473e861101c9e72452f9bf8acb984947aa1661a7704553a9f6e4baa5ba64415",
                "sha256:8102eaf27e1e448db915d08afa8b41d6c7ca7a04b7d73af6514df10a3e74bd82",
                "sha256:87c450779d0914f2861b8526e035c5e6da0a3199d8f1add1a665e1cbc6fc6d02",
                "sha256:8b7ee99e510d7b66cdb6c593f21c043c248537a32e0bedf02e01e9553a172314",
                "sha256:91fc98adde3d7881af9b59ed0294046f3806221863722ba7d8d120c575314325",
                "sha256:94411f22c3985acaec6f83c6df553f2dbe17b698cc7f8ae751ff2237d96b9e3c",
                "sha256:98d85c6a2bef81588d9227dde12db8a7f47f639f4a17c9ae08e773aa9c697bf3",
                "sha256:9ad5db27f9cabae298d151c85cf2bad1d359a1b9c686a275df03385758e2f914",
                "sha256:a0b71b1b8fbf2b96e41c4d990244165e2c9be83d54962a9a1d118fd8657d2045",
                "sha256:a0f100c8912c114ff53e1202d0078b425bee3649ae34d7b070e9697f93c5d52d",
                "sha256:a591fe9e525846e4d154205572a029f653ada1a78b93697f3b5a8f1f2bc055b9",
                "sha256:a5c84c68147988265e60416b57fc83425a78058853509c1b0629c180094904a5",
                "sha256:a66d3508133af6e8548451b25058d5812812ec3798c886bf38ed24a98216fab2",
                "sha256:a8c4917bd7ad33e8eb21e9a5bbba979b49d9a97acb3a803092cbc1133e20343c",
                "sha256:b3bbeb01c2b273cca1e1e0c5df57f12dce9a4dd331b4fa1635b8bec26350bde3",
                "sha256:cba9d6b9a7d64d4bd46167096fc9d2f835e25d7e4c121fb2ddfc6528fb0413b2",
                "sha256:cc4d65aeeaa04136a12677d3dd0b1c0c94dc43abac5860ab33cceb42b801c1e8",
                "sha256:ce4bcc037df4fc5e3d184794f27bdaab018943698f4ca31630bc7f84a7b69c6d",
                "sha256:cec7d9412a9102bdc577382c3929b337320c4c4c4849f2c5cdd14d7368c5562d",
                "sha256:d400bfb9a37b1351253cb402671cea7e89bdecc294e8016a707f6d1d8ac934f9",
                "sha256:d61f4695e6c866a23a21acab0509af1cdfd2c013cf256bbf5b6b5e2695827162",
                "sha256:db0fbb9c62743ce59a9ff687eb5f4afbe77e5e8403d6697f7446e5f609976f76",
                "sha256:dd86c085fae2efd48ac91dd7ccffcfc0571387fe1193d33b6394db7ef31fe2a4",
                "sha256:e00b098126fd45523dd056d2efba6c5a63b71ffe9f2bbe1a4fe1716e1d0c331e",
                "sha256:e229a521186c75c8ad9490854fd8bbdd9a0c9aa3a524326b55be83b54d4e0ad9",
                "sha256:e263d77ee3dd201c3a142934a086a4450861778baaeeb45db4591ef65550b0a6",
                "sha256:ed9cb427ba5504c1dc15ede7d516b84757c3e3d7868ccc85121d9310d27eed0b",
                "sha256:fa6693661a4c91757f4412306191b6dc88c1703f780c8234035eac011922bc01",
                "sha256:fcd131dd944808b5bdb38e6f5b53013c5aa4f334c5cad0c72742f6eba4b73db0"
            ],
            "index": "pypi",
            "version": "==1.15.1"
        },
        "charset-normalizer": {
            "hashes": [
                "sha256:00d3ffdaafe92a5dc603cb9bd5111aaa36dfa187c8285c543be562e61b755f6b",
                "sha256:024e606be3ed92216e2b6952ed859d86b4cfa52cd5bc5f050e7dc28f9b43ec42",
                "sha256:0298eafff88c99982a4cf66ba2efa1128e4ddaca0b05eec4c456bbc7db691d8d",
                "sha256:02a51034802cbf38db3f89c66fb5d2ec57e6fe7ef2f4a44d070a593c3688667b",
                "sha256:083c8d17153ecb403e5e1eb76a7ef4babfc2c48d58899c98fcaa04833e7a2f9a",
                "sha256:0a11e971ed097d24c534c037d298ad32c6ce81a45736d31e0ff0ad37ab437d59",
                "sha256:0bf2dae5291758b6f84cf923bfaa285632816007db0330002fa1de38bfcb7154",
                "sha256:0c0a590235ccd933d9892c627dec5bc7511ce6ad6c1011fdf5b11363022746c1",
                "sha256:0f438ae3532723fb6ead77e7c604be7c8374094ef4ee2c5e03a3a17f1fca256c",
                "sha256:109487860ef6a328f3eec66f2bf78b0b72400280d8f8ea05f69c51644ba6521a",
                "sha256:11b53acf2411c3b09e6af37e4b9005cba376c872503c8f28218c7243582df45d",
                "sha256:12db3b2c533c23ab812c2b25934f60383361f8a376ae272665f8e48b88e8e1c6",
                "sha256:14e76c0f23218b8f46c4d87018ca2e441535aed3632ca134b10239dfb6dadd6b",
                "sha256:16a8663d6e281208d78806dbe14ee9903715361cf81f6d4309944e4d1e59ac5b",
                "sha256:292d5e8ba896bbfd6334b096e34bffb56161c81408d6d036a7dfa6929cff8783",
                "sha256:2c03cc56021a4bd59be889c2b9257dae13bf55041a3372d3295416f86b295fb5",
                "sha256:2e396d70bc4ef5325b72b593a72c8979999aa52fb8bcf03f701c1b03e1166918",
                "sha256:2edb64ee7bf1ed524a1da60cdcd2e1f6e2b4f66ef7c077680739f1641f62f555",
                "sha256:31a9ddf4718d10ae04d9b18801bd776693487cbb57d74cc3458a7673f6f34639",
                "sha256:356541bf4381fa35856dafa6a965916e54bed415ad8a24ee6de6e37deccf2786",
                "sha256:358a7c4cb8ba9b46c453b1dd8d9e431452d5249072e4f56cfda3149f6ab1405e",
                "sha256:37f8febc8ec50c14f3ec9637505f28e58d4f66752207ea177c1d67df25da5aed",
                "sha256:39049da0ffb96c8cbb65cbf5c5f3ca3168990adf3551bd1dee10c48fce8ae820",
                "sha256:39cf9ed17fe3b1bc81f33c9ceb6ce67683ee7526e65fde1447c772afc54a1bb8",
                "sha256:3ae1de54a77dc0d6d5fcf623290af4266412a7c4be0b1ff7444394f03f5c54e3",
                "sha256:3b590df687e3c5ee0deef9fc8c547d81986d9a1b56073d82de008744452d6541",
                "sha256:3e45867f1f2ab0711d60c6c71746ac53537f1684baa699f4f668d4c6f6ce8e14",
                "sha256:3fc1c4a2ffd64890aebdb3f97e1278b0cc72579a08ca4de8cd2c04799a3a22be",
                "sha256:4457ea6774b5611f4bed5eaa5df55f70abde42364d498c5134b7ef4c6958e20e",
                "sha256:44ba614de5361b3e5278e1241fda3dc1838deed864b50a10d7ce92983797fa76",
                "sha256:4a8fcf28c05c1f6d7e177a9a46a1c52798bfe2ad80681d275b10dcf317deaf0b",
                "sha256:4b0d02d7102dd0f997580b51edc4cebcf2ab6397a7edf89f1c73b586c614272c",
                "sha256:502218f52498a36d6bf5ea77081844017bf7982cdbe521ad85e64cabee1b608b",
                "sha256:503e65837c71b875ecdd733877d852adbc465bd82c768a067badd953bf1bc5a3",
                "sha256:5995f0164fa7df59db4746112fec3f49c461dd6b31b841873443bdb077c13cfc",
                "sha256:59e5686dd847347e55dffcc191a96622f016bc0ad89105e24c14e0d6305acbc6",
                "sha256:601f36512f9e28f029d9481bdaf8e89e5148ac5d89cffd3b05cd533eeb423b59",
                "sha256:608862a7bf6957f2333fc54ab4399e405baad0163dc9f8d99cb236816db169d4",
                "sha256:62595ab75873d50d57323a91dd03e6966eb79c41fa834b7a1661ed043b2d404d",
                "sha256:70990b9c51340e4044cfc394a81f614f3f90d41397104d226f21e66de668730d",
                "sha256:71140351489970dfe5e60fc621ada3e0f41104a5eddaca47a7acb3c1b851d6d3",
                "sha256:72966d1b297c741541ca8cf1223ff262a6febe52481af742036a0b296e35fa5a",
                "sha256:74292fc76c905c0ef095fe11e188a32ebd03bc38f3f3e9bcb85e4e6db177b7ea",
                "sha256:761e8904c07ad053d285670f36dd94e1b6ab7f16ce62b9805c475b7aa1cffde6",
                "sha256:772b87914ff1152b92a197ef4ea40efe27a378606c39446ded52c8f80f79702e",
                "sha256:79909e27e8e4fcc9db4addea88aa63f6423ebb171db091fb4373e3312cb6d603",
                "sha256:7e189e2e1d3ed2f4aebabd2d5b0f931e883676e51c7624826e0a4e5fe8a0bf24",
                "sha256:7eb33a30d75562222b64f569c642ff3dc6689e09adda43a082208397f016c39a",
                "sha256:81d6741ab457d14fdedc215516665050f3822d3e56508921cc7239f8c8e66a58",
                "sha256:8499ca8f4502af841f68135133d8258f7b32a53a1d594aa98cc52013fff55678",
                "sha256:84c3990934bae40ea69a82034912ffe5a62c60bbf6ec5bc9691419641d7d5c9a",
                "sha256:87701167f2a5c930b403e9756fab1d31d4d4da52856143b609e30a1ce7160f3c",
                "sha256:88600c72ef7587fe1708fd242b385b6ed4b8904976d5da0893e31df8b3480cb6",
                "sha256:8ac7b6a045b814cf0c47f3623d21ebd88b3e8cf216a14790b455ea7ff0135d18",
                "sha256:8b8af03d2e37866d023ad0ddea594edefc31e827fee64f8de5611a1dbc373174",
                "sha256:8c7fe7afa480e3e82eed58e0ca89f751cd14d767638e2550c77a92a9e749c317",
                "sha256:8eade758719add78ec36dc13201483f8e9b5d940329285edcd5f70c0a9edbd7f",
                "sha256:911d8a40b2bef5b8bbae2e36a0b103f142ac53557ab421dc16ac4aafee6f53dc",
                "sha256:93ad6d87ac18e2a90b0fe89df7c65263b9a99a0eb98f0a3d2e079f12a0735837",
                "sha256:95dea361dd73757c6f1c0a1480ac499952c16ac83f7f5f4f84f0658a01b8ef41",
                "sha256:9ab77acb98eba3fd2a85cd160851816bfce6871d944d885febf012713f06659c",
                "sha256:9cb3032517f1627cc012dbc80a8ec976ae76d93ea2b5feaa9d2a5b8882597579",
                "sha256:9cf4e8ad252f7c38dd1f676b46514f92dc0ebeb0db5552f5f403509705e24753",
                "sha256:9d9153257a3f70d5f69edf2325357251ed20f772b12e593f3b3377b5f78e7ef8",
                "sha256:a152f5f33d64a6be73f1d30c9cc82dfc73cec6477ec268e7c6e4c7d23c2d2291",
                "sha256:a16418ecf1329f71df119e8a65f3aa68004a3f9383821edcb20f0702934d8087",
                "sha256:a60332922359f920193b1d4826953c507a877b523b2395ad7bc716ddd386d866",
                "sha256:a8d0fc946c784ff7f7c3742310cc8a57c5c6dc31631269876a88b809dbeff3d3",
                "sha256:ab5de034a886f616a5668aa5d098af2b5385ed70142090e2a31bcbd0af0fdb3d",
                "sha256:c22d3fe05ce11d3671297dc8973267daa0f938b93ec716e12e0f6dee81591dc1",
                "sha256:c2ac1b08635a8cd4e0cbeaf6f5e922085908d48eb05d44c5ae9eabab148512ca",
                "sha256:c512accbd6ff0270939b9ac214b84fb5ada5f0409c44298361b2f5e13f9aed9e",
                "sha256:c75ffc45f25324e68ab238cb4b5c0a38cd1c3d7f1fb1f72b5541de469e2247db",
                "sha256:c95a03c79bbe30eec3ec2b7f076074f4281526724c8685a42872974ef4d36b72",
                "sha256:cadaeaba78750d58d3cc6ac4d1fd867da6fc73c88156b7a3212a3cd4819d679d",
                "sha256:cd6056167405314a4dc3c173943f11249fa0f1b204f8b51ed4bde1a9cd1834dc",
                "sha256:db72b07027db150f468fbada4d85b3b2729a3db39178abf5c543b784c1254539",
                "sha256:df2c707231459e8a4028eabcd3cfc827befd635b3ef72eada84ab13b52e1574d",
                "sha256:e62164b50f84e20601c1ff8eb55620d2ad25fb81b59e3cd776a1902527a788af",
                "sha256:e696f0dd336161fca9adbb846875d40752e6eba585843c768935ba5c9960722b",
                "sha256:eaa379fcd227ca235d04152ca6704c7cb55564116f8bc52545ff357628e10602",
                "sha256:ebea339af930f8ca5d7a699b921106c6e29c617fe9606fa7baa043c1cdae326f",
                "sha256:f4c39b0e3eac288fedc2b43055cfc2ca7a60362d0e5e87a637beac5d801ef478",
                "sha256:f5057856d21e7586765171eac8b9fc3f7d44ef39425f85dbcccb13b3ebea806c",
                "sha256:f6f45710b4459401609ebebdbcfb34515da4fc2aa886f95107f556ac69a9147e",
                "sha256:f97e83fa6c25693c7a35de154681fcc257c1c41b38beb0304b9c4d2d9e164479",
                "sha256:f9d0c5c045a3ca9bedfc35dca8526798eb91a07aa7a2c0fee134c6c6f321cbd7",
                "sha256:ff6f3db31555657f3163b15a6b7c6938d08df7adbfc9dd13d9d19edad678f1e8"
            ],
            "index": "pypi",
            "version": "==3.0.1"
        },
        "click": {
            "hashes": [
                "sha256:7682dc8afb30297001674575ea00d1814d808d6a36af415a82bd481d37ba7b8e",
                "sha256:bb4d8133cb15a609f44e8213d9b391b0809795062913b383c62be0ee95b1db48"
            ],
            "index": "pypi",
            "markers": "python_version >= '3.7'",
            "version": "==8.1.3"
        },
        "colorama": {
            "hashes": [
                "sha256:08695f5cb7ed6e0531a20572697297273c47b8cae5a63ffc6d6ed5c201be6e44",
                "sha256:4f1d9991f5acc0ca119f9d443620b77f9d6b33703e51011c16baf57afb285fc6"
            ],
            "index": "pypi",
            "markers": "python_version >= '2.7' and python_version not in '3.0, 3.1, 3.2, 3.3, 3.4, 3.5, 3.6'",
            "version": "==0.4.6"
        },
        "cryptography": {
            "hashes": [
                "sha256:1a6915075c6d3a5e1215eab5d99bcec0da26036ff2102a1038401d6ef5bef25b",
                "sha256:1ee1fd0de9851ff32dbbb9362a4d833b579b4a6cc96883e8e6d2ff2a6bc7104f",
                "sha256:407cec680e811b4fc829de966f88a7c62a596faa250fc1a4b520a0355b9bc190",
                "sha256:50386acb40fbabbceeb2986332f0287f50f29ccf1497bae31cf5c3e7b4f4b34f",
                "sha256:6f97109336df5c178ee7c9c711b264c502b905c2d2a29ace99ed761533a3460f",
                "sha256:754978da4d0457e7ca176f58c57b1f9de6556591c19b25b8bcce3c77d314f5eb",
                "sha256:76c24dd4fd196a80f9f2f5405a778a8ca132f16b10af113474005635fe7e066c",
                "sha256:7dacfdeee048814563eaaec7c4743c8aea529fe3dd53127313a792f0dadc1773",
                "sha256:80ee674c08aaef194bc4627b7f2956e5ba7ef29c3cc3ca488cf15854838a8f72",
                "sha256:844ad4d7c3850081dffba91cdd91950038ee4ac525c575509a42d3fc806b83c8",
                "sha256:875aea1039d78557c7c6b4db2fe0e9d2413439f4676310a5f269dd342ca7a717",
                "sha256:887cbc1ea60786e534b00ba8b04d1095f4272d380ebd5f7a7eb4cc274710fad9",
                "sha256:ad04f413436b0781f20c52a661660f1e23bcd89a0e9bb1d6d20822d048cf2856",
                "sha256:bae6c7f4a36a25291b619ad064a30a07110a805d08dc89984f4f441f6c1f3f96",
                "sha256:c52a1a6f81e738d07f43dab57831c29e57d21c81a942f4602fac7ee21b27f288",
                "sha256:e0a05aee6a82d944f9b4edd6a001178787d1546ec7c6223ee9a848a7ade92e39",
                "sha256:e324de6972b151f99dc078defe8fb1b0a82c6498e37bff335f5bc6b1e3ab5a1e",
                "sha256:e5d71c5d5bd5b5c3eebcf7c5c2bb332d62ec68921a8c593bea8c394911a005ce",
                "sha256:f3ed2d864a2fa1666e749fe52fb8e23d8e06b8012e8bd8147c73797c506e86f1",
                "sha256:f671c1bb0d6088e94d61d80c606d65baacc0d374e67bf895148883461cd848de",
                "sha256:f6c0db08d81ead9576c4d94bbb27aed8d7a430fa27890f39084c2d0e2ec6b0df",
                "sha256:f964c7dcf7802d133e8dbd1565914fa0194f9d683d82411989889ecd701e8adf",
                "sha256:fec8b932f51ae245121c4671b4bbc030880f363354b2f0e0bd1366017d891458"
            ],
            "index": "pypi",
            "markers": "python_version >= '3.6'",
            "version": "==39.0.0"
        },
        "debugpy": {
            "hashes": [
                "sha256:016a9fcfc2c6b57f939673c874310d8581d51a0fe0858e7fac4e240c5eb743cb",
                "sha256:0de56aba8249c28a300bdb0672a9b94785074eb82eb672db66c8144fff673146",
                "sha256:1a9fe0829c2b854757b4fd0a338d93bc17249a3bf69ecf765c61d4c522bb92a8",
                "sha256:28acbe2241222b87e255260c76741e1fbf04fdc3b6d094fcf57b6c6f75ce1242",
                "sha256:3a79c6f62adef994b2dbe9fc2cc9cc3864a23575b6e387339ab739873bea53d0",
                "sha256:3bda0f1e943d386cc7a0e71bfa59f4137909e2ed947fb3946c506e113000f741",
                "sha256:3ebb70ba1a6524d19fa7bb122f44b74170c447d5746a503e36adc244a20ac539",
                "sha256:58911e8521ca0c785ac7a0539f1e77e0ce2df753f786188f382229278b4cdf23",
                "sha256:6df9aa9599eb05ca179fb0b810282255202a66835c6efb1d112d21ecb830ddd3",
                "sha256:7a3afa222f6fd3d9dfecd52729bc2e12c93e22a7491405a0ecbf9e1d32d45b39",
                "sha256:7eb7bd2b56ea3bedb009616d9e2f64aab8fc7000d481faec3cd26c98a964bcdd",
                "sha256:92116039b5500633cc8d44ecc187abe2dfa9b90f7a82bbf81d079fcdd506bae9",
                "sha256:a2e658a9630f27534e63922ebf655a6ab60c370f4d2fc5c02a5b19baf4410ace",
                "sha256:bfb20cb57486c8e4793d41996652e5a6a885b4d9175dd369045dad59eaacea42",
                "sha256:caad2846e21188797a1f17fc09c31b84c7c3c23baf2516fed5b40b378515bbf0",
                "sha256:d915a18f0597ef685e88bb35e5d7ab968964b7befefe1aaea1eb5b2640b586c7",
                "sha256:dda73bf69ea479c8577a0448f8c707691152e6c4de7f0c4dec5a4bc11dee516e",
                "sha256:e38beb7992b5afd9d5244e96ad5fa9135e94993b0c551ceebf3fe1a5d9beb234",
                "sha256:edcc9f58ec0fd121a25bc950d4578df47428d72e1a0d66c07403b04eb93bcf98",
                "sha256:efd3fdd3f67a7e576dd869c184c5dd71d9aaa36ded271939da352880c012e703",
                "sha256:f696d6be15be87aef621917585f9bb94b1dc9e8aced570db1b8a6fc14e8f9b42",
                "sha256:fd97ed11a4c7f6d042d320ce03d83b20c3fb40da892f994bc041bbc415d7a099"
            ],
            "index": "pypi",
            "markers": "python_version >= '3.8'",
            "version": "==1.8.1"
        },
        "exceptiongroup": {
            "hashes": [
                "sha256:2ac84b496be68464a2da60da518af3785fff8b7ec0d090a581604bc870bdee41",
                "sha256:affbabf13fb6e98988c38d9c5650e701569fe3c1de3233cfb61c5f33774690ad"
            ],
            "index": "pypi",
            "markers": "python_version >= '3.7'",
            "version": "==1.0.0"
        },
        "flask": {
            "hashes": [
                "sha256:642c450d19c4ad482f96729bd2a8f6d32554aa1e231f4f6b4e7e5264b16cca2b",
                "sha256:b9c46cc36662a7949f34b52d8ec7bb59c0d74ba08ba6cb9ce9adc1d8676d9526"
            ],
            "index": "pypi",
            "markers": "python_version >= '3.7'",
            "version": "==2.2.2"
        },
        "googleapis-common-protos": {
            "hashes": [
                "sha256:4750113612205514f9f6aa4cb00d523a94f3e8c06c5ad2fee466387dc4875f07",
                "sha256:83f0ece9f94e5672cced82f592d2a5edf527a96ed1794f0bab36d5735c996277"
            ],
            "index": "pypi",
            "markers": "python_version >= '3.7'",
            "version": "==1.62.0"
        },
        "grpcio": {
            "hashes": [
                "sha256:0b9179478b09ee22f4a36b40ca87ad43376acdccc816ce7c2193a9061bf35701",
                "sha256:0d3dee701e48ee76b7d6fbbba18ba8bc142e5b231ef7d3d97065204702224e0e",
                "sha256:0d7ae7fc7dbbf2d78d6323641ded767d9ec6d121aaf931ec4a5c50797b886532",
                "sha256:0e97f37a3b7c89f9125b92d22e9c8323f4e76e7993ba7049b9f4ccbe8bae958a",
                "sha256:136ffd79791b1eddda8d827b607a6285474ff8a1a5735c4947b58c481e5e4271",
                "sha256:1bc8449084fe395575ed24809752e1dc4592bb70900a03ca42bf236ed5bf008f",
                "sha256:1eda79574aec8ec4d00768dcb07daba60ed08ef32583b62b90bbf274b3c279f7",
                "sha256:29cb592c4ce64a023712875368bcae13938c7f03e99f080407e20ffe0a9aa33b",
                "sha256:2c1488b31a521fbba50ae86423f5306668d6f3a46d124f7819c603979fc538c4",
                "sha256:2e84bfb2a734e4a234b116be208d6f0214e68dcf7804306f97962f93c22a1839",
                "sha256:2f3d9a4d0abb57e5f49ed5039d3ed375826c2635751ab89dcc25932ff683bbb6",
                "sha256:36df33080cd7897623feff57831eb83c98b84640b016ce443305977fac7566fb",
                "sha256:38f69de9c28c1e7a8fd24e4af4264726637b72f27c2099eaea6e513e7142b47e",
                "sha256:39cd45bd82a2e510e591ca2ddbe22352e8413378852ae814549c162cf3992a93",
                "sha256:3fa15850a6aba230eed06b236287c50d65a98f05054a0f01ccedf8e1cc89d57f",
                "sha256:4cd356211579043fce9f52acc861e519316fff93980a212c8109cca8f47366b6",
                "sha256:56ca7ba0b51ed0de1646f1735154143dcbdf9ec2dbe8cc6645def299bb527ca1",
                "sha256:5e709f7c8028ce0443bddc290fb9c967c1e0e9159ef7a030e8c21cac1feabd35",
                "sha256:614c3ed234208e76991992342bab725f379cc81c7dd5035ee1de2f7e3f7a9842",
                "sha256:62aa1659d8b6aad7329ede5d5b077e3d71bf488d85795db517118c390358d5f6",
                "sha256:62ccb92f594d3d9fcd00064b149a0187c246b11e46ff1b7935191f169227f04c",
                "sha256:662d3df5314ecde3184cf87ddd2c3a66095b3acbb2d57a8cada571747af03873",
                "sha256:748496af9238ac78dcd98cce65421f1adce28c3979393e3609683fcd7f3880d7",
                "sha256:77d48e5b1f8f4204889f1acf30bb57c30378e17c8d20df5acbe8029e985f735c",
                "sha256:7a195531828b46ea9c4623c47e1dc45650fc7206f8a71825898dd4c9004b0928",
                "sha256:7e1f51e2a460b7394670fdb615e26d31d3260015154ea4f1501a45047abe06c9",
                "sha256:7eea57444a354ee217fda23f4b479a4cdfea35fb918ca0d8a0e73c271e52c09c",
                "sha256:7f9d6c3223914abb51ac564dc9c3782d23ca445d2864321b9059d62d47144021",
                "sha256:81531632f93fece32b2762247c4c169021177e58e725494f9a746ca62c83acaa",
                "sha256:81d444e5e182be4c7856cd33a610154fe9ea1726bd071d07e7ba13fafd202e38",
                "sha256:821a44bd63d0f04e33cf4ddf33c14cae176346486b0df08b41a6132b976de5fc",
                "sha256:88f41f33da3840b4a9bbec68079096d4caf629e2c6ed3a72112159d570d98ebe",
                "sha256:8aab8f90b2a41208c0a071ec39a6e5dbba16fd827455aaa070fec241624ccef8",
                "sha256:921148f57c2e4b076af59a815467d399b7447f6e0ee10ef6d2601eb1e9c7f402",
                "sha256:92cdb616be44c8ac23a57cce0243af0137a10aa82234f23cd46e69e115071388",
                "sha256:95370c71b8c9062f9ea033a0867c4c73d6f0ff35113ebd2618171ec1f1e903e0",
                "sha256:98d8f4eb91f1ce0735bf0b67c3b2a4fea68b52b2fd13dc4318583181f9219b4b",
                "sha256:a33f2bfd8a58a02aab93f94f6c61279be0f48f99fcca20ebaee67576cd57307b",
                "sha256:ab140a3542bbcea37162bdfc12ce0d47a3cda3f2d91b752a124cc9fe6776a9e2",
                "sha256:b3d3d755cfa331d6090e13aac276d4a3fb828bf935449dc16c3d554bf366136b",
                "sha256:b71c65427bf0ec6a8b48c68c17356cb9fbfc96b1130d20a07cb462f4e4dcdcd5",
                "sha256:b7a6be562dd18e5d5bec146ae9537f20ae1253beb971c0164f1e8a2f5a27e829",
                "sha256:bcff647e7fe25495e7719f779cc219bbb90b9e79fbd1ce5bda6aae2567f469f2",
                "sha256:c912688acc05e4ff012c8891803659d6a8a8b5106f0f66e0aed3fb7e77898fa6",
                "sha256:ce1aafdf8d3f58cb67664f42a617af0e34555fe955450d42c19e4a6ad41c84bd",
                "sha256:d6a56ba703be6b6267bf19423d888600c3f574ac7c2cc5e6220af90662a4d6b0",
                "sha256:e803e9b58d8f9b4ff0ea991611a8d51b31c68d2e24572cd1fe85e99e8cc1b4f8",
                "sha256:eef1d16ac26c5325e7d39f5452ea98d6988c700c427c52cbc7ce3201e6d93334",
                "sha256:f359d635ee9428f0294bea062bb60c478a8ddc44b0b6f8e1f42997e5dc12e2ee",
                "sha256:f4c04fe33039b35b97c02d2901a164bbbb2f21fb9c4e2a45a959f0b044c3512c",
                "sha256:f897b16190b46bc4d4aaf0a32a4b819d559a37a756d7c6b571e9562c360eed72",
                "sha256:fbe0c20ce9a1cff75cfb828b21f08d0a1ca527b67f2443174af6626798a754a4",
                "sha256:fc2836cb829895ee190813446dce63df67e6ed7b9bf76060262c55fcd097d270",
                "sha256:fcc98cff4084467839d0a20d16abc2a76005f3d1b38062464d088c07f500d170"
            ],
            "index": "pypi",
            "markers": "python_version >= '3.7'",
            "version": "==1.62.0"
        },
        "grpcio-tools": {
            "hashes": [
                "sha256:006ea0cc16e8bf8f307326e0556e1384f24abb402cc4e6a720aa1dfe8f268647",
                "sha256:0d9c9a4832f52c4597d6dc12d9ab3109c3bd0ee1686b8bf6d64f9eab4145e3cb",
                "sha256:0e87f105f1d152934759f8975ed002d5ce057b3cdf1cc6cb63fe6008671a27b9",
                "sha256:14201950513636f515dd455a06890e3a21d115b943cf6a8f5af67ad1413cfa1f",
                "sha256:17c16e9a89c0b9f4ff2b143f232c5256383453ce7b55fe981598f9517adc8252",
                "sha256:1927934dfba4658a97c2dab267e53ed239264d40fdd5b295fc317693543db85b",
                "sha256:19b74e141937c885c9e56b6a7dfa190ca7d583bd48bce9171dd65bbf108b9271",
                "sha256:1faa5006fe9e7b9e65c47bc23f7cd333fdcdd4ba35d44080303848266db5ab05",
                "sha256:2e1fd7301d762bf5984b7e7fb62fce82cff864d75f0a57e15cfd07ae1bd79133",
                "sha256:2f5bd22203e64e1732e149bfdd3083716d038abca294e4e2852159b3d893f9ec",
                "sha256:3730b1cd998a0cffc817602cc55e51f268fa97b3e38fa4bee578e3741474547a",
                "sha256:3b526dc5566161a3a17599753838b9cfbdd4cb15b6ad419aae8a5d12053fa8ae",
                "sha256:3bbe79b134dfb7c98cf60e4962e31039bef824834cc7034bdf1886a2ed1097f9",
                "sha256:3dee3be61d9032f777a9b4e2696ea3d0748a582cb99c672b5d41ca66821e8c87",
                "sha256:465c51ebaa184ee3bb619cd5bfaf562bbdde166f2822a6935461e6a741f5ac19",
                "sha256:523adf731fa4c5af0bf7ee2edb65e8c7ef4d9df9951461d6a18fe096688efd2d",
                "sha256:52b216c458458f6c292e12428916e80974c5113abc505a61e7b0b9f8932a785d",
                "sha256:54bb570bd963905de3bda596b35e06026552705edebbb2cb737b57aa5252b9e5",
                "sha256:563a75924109e75809b2919e68d7e6ae7872e63d20258aae7899b14f6ff9e18b",
                "sha256:5a482d9625209023481e631c29a6df1392bfc49f9accfa880dabbacff642559a",
                "sha256:5dacc691b18d2c294ea971720ff980a1e2d68a3f7ddcd2f0670b3204e81c4b18",
                "sha256:5eb63d9207b02a0fa30216907e1e7705cc2670f933e77236c6e0eb966ad3b4bf",
                "sha256:5f8934715577c9cc0c792b8a77f7d0dd2bb60e951161b10c5f46b60856673240",
                "sha256:679cf2507090e010da73e5001665c76de2a5927b2e2110e459222b1c81cb10c2",
                "sha256:6999a4e705b03aacad46e625feb7610e47ec88dbd51220c2282b6334f90721fc",
                "sha256:6b900ae319b6f9ac1be0ca572dfb41c23a7ff6fcbf36e3be6d3054e1e4c60de6",
                "sha256:711314cb4c6c8b3d51bafaee380ffa5012bd0567ed68f1b0b1fc07492b27acab",
                "sha256:74196beed18383d53ff3e2412a6c1eefa3ff109e987be240368496bc3dcabc8b",
                "sha256:75aca28cbeb605c59b5689a7e000fbc2bd659d2f322c58461f3912f00069f6da",
                "sha256:77196c7ac8741d4a2aebb023bcc2964ac65ca44180fd791640889ab2afed3e47",
                "sha256:791aa220f8f1936e65bc079e9eb954fa0202a1f16e28b83956e59d17dface127",
                "sha256:7fca6ecfbbf0549058bb29dcc6e435d885b878d07701e77ac58e1e1f591736dc",
                "sha256:84e27206bd884be83a7fdcef8be3c90eb1591341c0ba9b0d25ec9db1043ba2f2",
                "sha256:88aa62303278aec45bbb26bf679269c7890346c37140ae30e39da1070c341e11",
                "sha256:95e49839d49e79187c43cd63af5c206dc5743a01d7d3d2f039772fa743cbb30c",
                "sha256:98ddf871c614cc0ed331c7159ebbbf5040be562279677d3bb97c2e6083539f72",
                "sha256:9ae5cd2f89e33a529790bf8aa59a459484edb05e4f58d4cf78836b9dfa1fab43",
                "sha256:a09db3688efd3499ce3c0b02c0bac0656abdab4cb99716f81ad879c08b92c56e",
                "sha256:b46ba0b6552b4375ede65e0c89491af532635347f78d52a72f8a027529e713ed",
                "sha256:b65288ebe12e38dd3650fea65d82fcce0d35df1ae4a770b525c10119ee71962f",
                "sha256:bb6802d63e42734d2baf02e1343377fe18590ed6a1f5ffbdebbbe0f8331f176b",
                "sha256:bf9f281f528e0220558d57e09b4518dec148dcb250d78bd9cbb27e09edabb3f9",
                "sha256:c85391e06620d6e16a56341caae5007d0c6219beba065e1e288f2523fba6a335",
                "sha256:cd1f4caeca614b04db803566473f7db0971e7a88268f95e4a529b0ace699b949",
                "sha256:d5652d3a52a2e8e1d9bdf28fbd15e21b166e31b968cd7c8c604bf31611c0bb5b",
                "sha256:d5959e3df126931d28cd94dd5f0a708b7dd96019de80ab715fb922fd0c8a838d",
                "sha256:dce5f04676cf94e6e2d13d7f91ac2de79097d86675bc4d404a3c24dcc0332c88",
                "sha256:e38d5800151e6804d500e329f7ddfb615c50eee0c1607593e3147a4b21037e40",
                "sha256:ec6f561c86fe13cff3be16f297cc05e1aa1274294524743a4cf91d971866fbb0",
                "sha256:ed6cf7ff4a10c46f85340f9c68982f9efb29f51ee4b66828310fcdf3c2d7ffd1",
                "sha256:f0884eaf6a2bbd7b03fea456e808909ee48dd4f7f455519d67defda791116368",
                "sha256:f3aaf3b20c0f7063856b2432335af8f76cf580f898e04085548cde28332d6833",
                "sha256:f54b5181784464bd3573ae7dbcf053da18a4b7a75fe19960791f383be3d035ca",
                "sha256:f74e0053360e0eadd75193c0c379b6d7f51d074ebbff856bd41780e1a028b38d"
            ],
            "index": "pypi",
            "markers": "python_version >= '3.7'",
            "version": "==1.62.0"
        },
        "idna": {
            "hashes": [
                "sha256:814f528e8dead7d329833b91c5faa87d60bf71824cd12a7530b5526063d02cb4",
                "sha256:90b77e79eaa3eba6de819a0c442c0b4ceefc341a7a2ab77d7562bf49f425c5c2"
            ],
            "index": "pypi",
            "markers": "python_version >= '3.5'",
            "version": "==3.4"
        },
        "importlib-metadata": {
            "hashes": [
                "sha256:da31db32b304314d044d3c12c79bd59e307889b287ad12ff387b3500835fc2ab",
                "sha256:ddb0e35065e8938f867ed4928d0ae5bf2a53b7773871bfe6bcc7e4fcdc7dea43"
            ],
            "index": "pypi",
            "markers": "python_version >= '3.7'",
            "version": "==5.0.0"
        },
        "iniconfig": {
            "hashes": [
                "sha256:011e24c64b7f47f6ebd835bb12a743f2fbe9a26d4cecaa7f53bc4f35ee9da8b3",
                "sha256:bc3af051d7d14b2ee5ef9969666def0cd1a000e121eaea580d4a313df4b37f32"
            ],
            "index": "pypi",
            "version": "==1.1.1"
        },
        "itsdangerous": {
            "hashes": [
                "sha256:2c2349112351b88699d8d4b6b075022c0808887cb7ad10069318a8b0bc88db44",
                "sha256:5dbbc68b317e5e42f327f9021763545dc3fc3bfe22e6deb96aaf1fc38874156a"
            ],
            "index": "pypi",
            "markers": "python_version >= '3.7'",
            "version": "==2.1.2"
        },
        "jinja2": {
            "hashes": [
                "sha256:31351a702a408a9e7595a8fc6150fc3f43bb6bf7e319770cbc0db9df9437e852",
                "sha256:6088930bfe239f0e6710546ab9c19c9ef35e29792895fed6e6e31a023a182a61"
            ],
            "index": "pypi",
            "markers": "python_version >= '3.7'",
            "version": "==3.1.2"
        },
        "markupsafe": {
            "hashes": [
                "sha256:0212a68688482dc52b2d45013df70d169f542b7394fc744c02a57374a4207003",
                "sha256:089cf3dbf0cd6c100f02945abeb18484bd1ee57a079aefd52cffd17fba910b88",
                "sha256:10c1bfff05d95783da83491be968e8fe789263689c02724e0c691933c52994f5",
                "sha256:33b74d289bd2f5e527beadcaa3f401e0df0a89927c1559c8566c066fa4248ab7",
                "sha256:3799351e2336dc91ea70b034983ee71cf2f9533cdff7c14c90ea126bfd95d65a",
                "sha256:3ce11ee3f23f79dbd06fb3d63e2f6af7b12db1d46932fe7bd8afa259a5996603",
                "sha256:421be9fbf0ffe9ffd7a378aafebbf6f4602d564d34be190fc19a193232fd12b1",
                "sha256:43093fb83d8343aac0b1baa75516da6092f58f41200907ef92448ecab8825135",
                "sha256:46d00d6cfecdde84d40e572d63735ef81423ad31184100411e6e3388d405e247",
                "sha256:4a33dea2b688b3190ee12bd7cfa29d39c9ed176bda40bfa11099a3ce5d3a7ac6",
                "sha256:4b9fe39a2ccc108a4accc2676e77da025ce383c108593d65cc909add5c3bd601",
                "sha256:56442863ed2b06d19c37f94d999035e15ee982988920e12a5b4ba29b62ad1f77",
                "sha256:671cd1187ed5e62818414afe79ed29da836dde67166a9fac6d435873c44fdd02",
                "sha256:694deca8d702d5db21ec83983ce0bb4b26a578e71fbdbd4fdcd387daa90e4d5e",
                "sha256:6a074d34ee7a5ce3effbc526b7083ec9731bb3cbf921bbe1d3005d4d2bdb3a63",
                "sha256:6d0072fea50feec76a4c418096652f2c3238eaa014b2f94aeb1d56a66b41403f",
                "sha256:6fbf47b5d3728c6aea2abb0589b5d30459e369baa772e0f37a0320185e87c980",
                "sha256:7f91197cc9e48f989d12e4e6fbc46495c446636dfc81b9ccf50bb0ec74b91d4b",
                "sha256:86b1f75c4e7c2ac2ccdaec2b9022845dbb81880ca318bb7a0a01fbf7813e3812",
                "sha256:8dc1c72a69aa7e082593c4a203dcf94ddb74bb5c8a731e4e1eb68d031e8498ff",
                "sha256:8e3dcf21f367459434c18e71b2a9532d96547aef8a871872a5bd69a715c15f96",
                "sha256:8e576a51ad59e4bfaac456023a78f6b5e6e7651dcd383bcc3e18d06f9b55d6d1",
                "sha256:96e37a3dc86e80bf81758c152fe66dbf60ed5eca3d26305edf01892257049925",
                "sha256:97a68e6ada378df82bc9f16b800ab77cbf4b2fada0081794318520138c088e4a",
                "sha256:99a2a507ed3ac881b975a2976d59f38c19386d128e7a9a18b7df6fff1fd4c1d6",
                "sha256:a49907dd8420c5685cfa064a1335b6754b74541bbb3706c259c02ed65b644b3e",
                "sha256:b09bf97215625a311f669476f44b8b318b075847b49316d3e28c08e41a7a573f",
                "sha256:b7bd98b796e2b6553da7225aeb61f447f80a1ca64f41d83612e6139ca5213aa4",
                "sha256:b87db4360013327109564f0e591bd2a3b318547bcef31b468a92ee504d07ae4f",
                "sha256:bcb3ed405ed3222f9904899563d6fc492ff75cce56cba05e32eff40e6acbeaa3",
                "sha256:d4306c36ca495956b6d568d276ac11fdd9c30a36f1b6eb928070dc5360b22e1c",
                "sha256:d5ee4f386140395a2c818d149221149c54849dfcfcb9f1debfe07a8b8bd63f9a",
                "sha256:dda30ba7e87fbbb7eab1ec9f58678558fd9a6b8b853530e176eabd064da81417",
                "sha256:e04e26803c9c3851c931eac40c695602c6295b8d432cbe78609649ad9bd2da8a",
                "sha256:e1c0b87e09fa55a220f058d1d49d3fb8df88fbfab58558f1198e08c1e1de842a",
                "sha256:e72591e9ecd94d7feb70c1cbd7be7b3ebea3f548870aa91e2732960fa4d57a37",
                "sha256:e8c843bbcda3a2f1e3c2ab25913c80a3c5376cd00c6e8c4a86a89a28c8dc5452",
                "sha256:efc1913fd2ca4f334418481c7e595c00aad186563bbc1ec76067848c7ca0a933",
                "sha256:f121a1420d4e173a5d96e47e9a0c0dcff965afdf1626d28de1460815f7c4ee7a",
                "sha256:fc7b548b17d238737688817ab67deebb30e8073c95749d55538ed473130ec0c7"
            ],
            "index": "pypi",
            "markers": "python_version >= '3.7'",
            "version": "==2.1.1"
        },
        "mypy-protobuf": {
            "hashes": [
                "sha256:7d75a079651b105076776a35a5405e3fa773b8a167118f1b712e443e9a6c18a2",
                "sha256:da33dfde7547ff57e5ba5564126cbfa114f14413b2fa50759b1fa5de1e4ab511"
            ],
            "index": "pypi",
            "markers": "python_version >= '3.7'",
            "version": "==3.4.0"
        },
        "nodeenv": {
            "hashes": [
                "sha256:d51e0c37e64fbf47d017feac3145cdbb58836d7eee8c6f6d3b6880c5456227d2",
                "sha256:df865724bb3c3adc86b3876fa209771517b0cfe596beff01a92700e0e8be4cec"
            ],
            "markers": "python_version >= '2.7' and python_version not in '3.0, 3.1, 3.2, 3.3, 3.4, 3.5, 3.6'",
            "version": "==1.8.0"
        },
        "packaging": {
            "hashes": [
                "sha256:dd47c42927d89ab911e606518907cc2d3a1f38bbd026385970643f9c5b8ecfeb",
                "sha256:ef103e05f519cdc783ae24ea4e2e0f508a9c99b2d4969652eed6a2e1ea5bd522"
            ],
            "index": "pypi",
            "markers": "python_version >= '3.6'",
            "version": "==21.3"
        },
        "pluggy": {
            "hashes": [
                "sha256:4224373bacce55f955a878bf9cfa763c1e360858e330072059e10bad68531159",
                "sha256:74134bbf457f031a36d68416e1509f34bd5ccc019f0bcc952c7b909d06b37bd3"
            ],
            "index": "pypi",
            "markers": "python_version >= '3.6'",
            "version": "==1.0.0"
        },
        "protobuf": {
            "hashes": [
                "sha256:1f22ac0ca65bb70a876060d96d914dae09ac98d114294f77584b0d2644fa9c30",
                "sha256:237216c3326d46808a9f7c26fd1bd4b20015fb6867dc5d263a493ef9a539293b",
                "sha256:27f4d15021da6d2b706ddc3860fac0a5ddaba34ab679dc182b60a8bb4e1121cc",
                "sha256:299ea899484ee6f44604deb71f424234f654606b983cb496ea2a53e3c63ab791",
                "sha256:3d164928ff0727d97022957c2b849250ca0e64777ee31efd7d6de2e07c494717",
                "sha256:6ab80df09e3208f742c98443b6166bcb70d65f52cfeb67357d52032ea1ae9bec",
                "sha256:78a28c9fa223998472886c77042e9b9afb6fe4242bd2a2a5aced88e3f4422aa7",
                "sha256:7cd532c4566d0e6feafecc1059d04c7915aec8e182d1cf7adee8b24ef1e2e6ab",
                "sha256:89f9149e4a0169cddfc44c74f230d7743002e3aa0b9472d8c28f0388102fc4c2",
                "sha256:a53fd3f03e578553623272dc46ac2f189de23862e68565e83dde203d41b76fc5",
                "sha256:b135410244ebe777db80298297a97fbb4c862c881b4403b71bac9d4107d61fd1",
                "sha256:b98d0148f84e3a3c569e19f52103ca1feacdac0d2df8d6533cf983d1fda28462",
                "sha256:d1736130bce8cf131ac7957fa26880ca19227d4ad68b4888b3be0dea1f95df97",
                "sha256:f45460f9ee70a0ec1b6694c6e4e348ad2019275680bd68a1d9314b8c7e01e574"
            ],
            "index": "pypi",
            "markers": "python_version >= '3.7'",
            "version": "==4.21.12"
        },
        "pycparser": {
            "hashes": [
                "sha256:8ee45429555515e1f6b185e78100aea234072576aa43ab53aefcae078162fca9",
                "sha256:e644fdec12f7872f86c58ff790da456218b10f863970249516d60a5eaca77206"
            ],
            "index": "pypi",
            "version": "==2.21"
        },
        "pyjwt": {
            "hashes": [
                "sha256:69285c7e31fc44f68a1feb309e948e0df53259d579295e6cfe2b1792329f05fd",
                "sha256:d83c3d892a77bbb74d3e1a2cfa90afaadb60945205d1095d9221f04466f64c14"
            ],
            "index": "pypi",
            "markers": "python_version >= '3.7'",
            "version": "==2.6.0"
        },
        "pyopenssl": {
            "hashes": [
                "sha256:c1cc5f86bcacefc84dada7d31175cae1b1518d5f60d3d0bb595a67822a868a6f",
                "sha256:df5fc28af899e74e19fccb5510df423581047e10ab6f1f4ba1763ff5fde844c0"
            ],
            "index": "pypi",
            "markers": "python_version >= '3.6'",
            "version": "==23.0.0"
        },
        "pyparsing": {
            "hashes": [
                "sha256:2b020ecf7d21b687f219b71ecad3631f644a47f01403fa1d1036b0c6416d70fb",
                "sha256:5026bae9a10eeaefb61dab2f09052b9f4307d44aee4eda64b309723d8d206bbc"
            ],
            "index": "pypi",
            "markers": "python_full_version >= '3.6.8'",
            "version": "==3.0.9"
        },
        "pyright": {
            "hashes": [
                "sha256:0040cf173c6a60704e553bfd129dfe54de59cc76d0b2b80f77cfab4f50701d64",
                "sha256:a621c0dfbcf1291b3610641a07380fefaa1d0e182890a1b2a7f13b446e8109a9"
            ],
            "index": "pypi",
            "markers": "python_version >= '3.7'",
            "version": "==1.1.352"
        },
        "pytest": {
            "hashes": [
                "sha256:892f933d339f068883b6fd5a459f03d85bfcb355e4981e146d2c7616c21fef71",
                "sha256:c4014eb40e10f11f355ad4e3c2fb2c6c6d1919c73f3b5a433de4708202cade59"
            ],
            "index": "pypi",
            "markers": "python_version >= '3.7'",
            "version": "==7.2.0"
        },
        "python-dotenv": {
            "hashes": [
                "sha256:e324ee90a023d808f1959c46bcbc04446a10ced277783dc6ee09987c37ec10ca",
                "sha256:f7b63ef50f1b690dddf550d03497b66d609393b40b564ed0d674909a68ebf16a"
            ],
            "index": "pypi",
            "markers": "python_version >= '3.8'",
            "version": "==1.0.1"
        },
        "requests": {
            "hashes": [
                "sha256:64299f4909223da747622c030b781c0d7811e359c37124b4bd368fb8c6518baa",
                "sha256:98b1b2782e3c6c4904938b84c0eb932721069dfdb9134313beff7c83c2df24bf"
            ],
            "index": "pypi",
            "markers": "python_version >= '3.7' and python_version < '4'",
            "version": "==2.28.2"
        },
        "ruff": {
            "hashes": [
                "sha256:0886184ba2618d815067cf43e005388967b67ab9c80df52b32ec1152ab49f53a",
                "sha256:128265876c1d703e5f5e5a4543bd8be47c73a9ba223fd3989d4aa87dd06f312f",
                "sha256:19eacceb4c9406f6c41af806418a26fdb23120dfe53583df76d1401c92b7c14b",
                "sha256:23dbb808e2f1d68eeadd5f655485e235c102ac6f12ad31505804edced2a5ae77",
                "sha256:2f7dbba46e2827dfcb0f0cc55fba8e96ba7c8700e0a866eb8cef7d1d66c25dcb",
                "sha256:3ef655c51f41d5fa879f98e40c90072b567c666a7114fa2d9fe004dffba00932",
                "sha256:5da894a29ec018a8293d3d17c797e73b374773943e8369cfc50495573d396933",
                "sha256:755c22536d7f1889be25f2baf6fedd019d0c51d079e8417d4441159f3bcd30c2",
                "sha256:7deb528029bacf845bdbb3dbb2927d8ef9b4356a5e731b10eef171e3f0a85944",
                "sha256:9343690f95710f8cf251bee1013bf43030072b9f8d012fbed6ad702ef70d360a",
                "sha256:a1f3ed501a42f60f4dedb7805fa8d4534e78b4e196f536bac926f805f0743d49",
                "sha256:b08b356d06a792e49a12074b62222f9d4ea2a11dca9da9f68163b28c71bf1dd4",
                "sha256:cc30a9053ff2f1ffb505a585797c23434d5f6c838bacfe206c0e6cf38c921a1e",
                "sha256:d0d3d7ef3d4f06433d592e5f7d813314a34601e6c5be8481cccb7fa760aa243e",
                "sha256:dd73fe7f4c28d317855da6a7bc4aa29a1500320818dd8f27df95f70a01b8171f",
                "sha256:e1e0d4381ca88fb2b73ea0766008e703f33f460295de658f5467f6f229658c19",
                "sha256:e3a4a6d46aef0a84b74fcd201a4401ea9a6cd85614f6a9435f2d33dd8cefbf83"
            ],
            "index": "pypi",
            "markers": "python_version >= '3.7'",
            "version": "==0.3.0"
        },
        "setuptools": {
            "hashes": [
                "sha256:02fa291a0471b3a18b2b2481ed902af520c69e8ae0919c13da936542754b4c56",
                "sha256:5c0806c7d9af348e6dd3777b4f4dbb42c7ad85b190104837488eab9a7c945cf8"
            ],
            "markers": "python_version >= '3.8'",
            "version": "==69.1.1"
        },
        "tomli": {
            "hashes": [
                "sha256:939de3e7a6161af0c887ef91b7d41a53e7c5a1ca976325f429cb46ea9bc30ecc",
                "sha256:de526c12914f0c550d15924c62d72abc48d6fe7364aa87328337a31007fe8a4f"
            ],
            "index": "pypi",
            "markers": "python_version >= '3.7'",
            "version": "==2.0.1"
        },
        "types-protobuf": {
            "hashes": [
                "sha256:5c607990f50f14606c2edaf379f8acc7418fef1451b227aa3c6a8a2cbc6ff14a",
                "sha256:f22c00cc0cea9722e71e14d389bba429af9e35a74a949719c167203a5abbe2e4"
            ],
            "markers": "python_version >= '3.8'",
            "version": "==4.24.0.20240302"
        },
        "urllib3": {
            "hashes": [
                "sha256:076907bf8fd355cde77728471316625a4d2f7e713c125f51953bb5b3eecf4f72",
                "sha256:75edcdc2f7d85b137124a6c3c9fc3933cdeaa12ecb9a6a959f22797a0feca7e1"
            ],
            "index": "pypi",
            "markers": "python_version >= '2.7' and python_version not in '3.0, 3.1, 3.2, 3.3, 3.4, 3.5'",
            "version": "==1.26.14"
        },
        "waitress": {
            "hashes": [
                "sha256:7500c9625927c8ec60f54377d590f67b30c8e70ef4b8894214ac6e4cad233d2a",
                "sha256:780a4082c5fbc0fde6a2fcfe5e26e6efc1e8f425730863c04085769781f51eba"
            ],
            "index": "pypi",
            "markers": "python_full_version >= '3.7.0'",
            "version": "==2.1.2"
        },
        "werkzeug": {
            "hashes": [
                "sha256:7ea2d48322cc7c0f8b3a215ed73eabd7b5d75d0b50e31ab006286ccff9e00b8f",
                "sha256:f979ab81f58d7318e064e99c4506445d60135ac5cd2e177a2de0089bfd4c9bd5"
            ],
            "index": "pypi",
            "markers": "python_version >= '3.7'",
            "version": "==2.2.2"
        },
        "zipp": {
            "hashes": [
                "sha256:4fcb6f278987a6605757302a6e40e896257570d11c51628968ccb2a47e80c6c1",
                "sha256:7a7262fd930bd3e36c50b9a64897aec3fafff3dfdeec9623ae22b40e93f99bb8"
            ],
            "index": "pypi",
            "markers": "python_version >= '3.7'",
            "version": "==3.10.0"
        }
    },
    "develop": {}
}
